
Microsoft Visual Studio Solution File, Format Version 12.00
Project("{FAE04EC0-301F-11D3-BF4B-00C04F79EFBC}") = "TI.Laba1", "TI.Laba1.csproj", "{FFA715B7-1F5F-444B-8245-4AFC87A0C904}"
EndProject
Global
	GlobalSection(SolutionConfigurationPlatforms) = preSolution
		Debug|Any CPU = Debug|Any CPU
		Release|Any CPU = Release|Any CPU
	EndGlobalSection
	GlobalSection(ProjectConfigurationPlatforms) = postSolution
		{FFA715B7-1F5F-444B-8245-4AFC87A0C904}.Debug|Any CPU.ActiveCfg = Debug|Any CPU
		{FFA715B7-1F5F-444B-8245-4AFC87A0C904}.Debug|Any CPU.Build.0 = Debug|Any CPU
		{FFA715B7-1F5F-444B-8245-4AFC87A0C904}.Release|Any CPU.ActiveCfg = Release|Any CPU
		{FFA715B7-1F5F-444B-8245-4AFC87A0C904}.Release|Any CPU.Build.0 = Release|Any CPU
	EndGlobalSection
EndGlobal
